
Microsoft Visual Studio Solution File, Format Version 12.00
# Visual Studio Version 17
VisualStudioVersion = 17.8.34330.188
MinimumVisualStudioVersion = 10.0.40219.1
Project("{9A19103F-16F7-4668-BE54-9A1E7A4F7556}") = "b2p_backend", "b2p_backend\b2p_backend.csproj", "{03177C59-69C9-47D1-B1B9-D7B5AFADF2D2}"
EndProject
Project("{E24C65DC-7377-472B-9ABA-BC803B73C61A}") = "b2p_frontend", "b2p_frontend\", "{0F0594E1-2425-41C9-AFB1-2EC16D5C7C9B}"
	ProjectSection(WebsiteProperties) = preProject
		TargetFrameworkMoniker = ".NETFramework,Version%3Dv4.8"
		Debug.AspNetCompiler.VirtualPath = "/localhost_65152"
		Debug.AspNetCompiler.PhysicalPath = "b2p_frontend\"
		Debug.AspNetCompiler.TargetPath = "PrecompiledWeb\localhost_65152\"
		Debug.AspNetCompiler.Updateable = "true"
		Debug.AspNetCompiler.ForceOverwrite = "true"
		Debug.AspNetCompiler.FixedNames = "false"
		Debug.AspNetCompiler.Debug = "True"
		Release.AspNetCompiler.VirtualPath = "/localhost_65152"
		Release.AspNetCompiler.PhysicalPath = "b2p_frontend\"
		Release.AspNetCompiler.TargetPath = "PrecompiledWeb\localhost_65152\"
		Release.AspNetCompiler.Updateable = "true"
		Release.AspNetCompiler.ForceOverwrite = "true"
		Release.AspNetCompiler.FixedNames = "false"
		Release.AspNetCompiler.Debug = "False"
		VWDPort = "65152"
	EndProjectSection
EndProject
Global
	GlobalSection(SolutionConfigurationPlatforms) = preSolution
		Debug|Any CPU = Debug|Any CPU
		Release|Any CPU = Release|Any CPU
	EndGlobalSection
	GlobalSection(ProjectConfigurationPlatforms) = postSolution
		{03177C59-69C9-47D1-B1B9-D7B5AFADF2D2}.Debug|Any CPU.ActiveCfg = Debug|Any CPU
		{03177C59-69C9-47D1-B1B9-D7B5AFADF2D2}.Debug|Any CPU.Build.0 = Debug|Any CPU
		{03177C59-69C9-47D1-B1B9-D7B5AFADF2D2}.Release|Any CPU.ActiveCfg = Release|Any CPU
		{03177C59-69C9-47D1-B1B9-D7B5AFADF2D2}.Release|Any CPU.Build.0 = Release|Any CPU
		{0F0594E1-2425-41C9-AFB1-2EC16D5C7C9B}.Debug|Any CPU.ActiveCfg = Debug|Any CPU
		{0F0594E1-2425-41C9-AFB1-2EC16D5C7C9B}.Debug|Any CPU.Build.0 = Debug|Any CPU
		{0F0594E1-2425-41C9-AFB1-2EC16D5C7C9B}.Release|Any CPU.ActiveCfg = Debug|Any CPU
		{0F0594E1-2425-41C9-AFB1-2EC16D5C7C9B}.Release|Any CPU.Build.0 = Debug|Any CPU
	EndGlobalSection
	GlobalSection(SolutionProperties) = preSolution
		HideSolutionNode = FALSE
	EndGlobalSection
	GlobalSection(ExtensibilityGlobals) = postSolution
		SolutionGuid = {B9FB6590-37A4-4B99-A3F3-DA24347399D4}
	EndGlobalSection
EndGlobal
